
Microsoft Visual Studio Solution File, Format Version 12.00
# Visual Studio Version 16
VisualStudioVersion = 16.0.30611.23
MinimumVisualStudioVersion = 10.0.40219.1
Project("{FAE04EC0-301F-11D3-BF4B-00C04F79EFBC}") = "Prb.VisitorsCount.Wpf", "Prb.VisitorsCount.Wpf\Prb.VisitorsCount.Wpf.csproj", "{17BA72A9-2373-4363-9D3E-113E8A56B3E7}"
EndProject
Global
	GlobalSection(SolutionConfigurationPlatforms) = preSolution
		Debug|Any CPU = Debug|Any CPU
		Release|Any CPU = Release|Any CPU
	EndGlobalSection
	GlobalSection(ProjectConfigurationPlatforms) = postSolution
		{17BA72A9-2373-4363-9D3E-113E8A56B3E7}.Debug|Any CPU.ActiveCfg = Debug|Any CPU
		{17BA72A9-2373-4363-9D3E-113E8A56B3E7}.Debug|Any CPU.Build.0 = Debug|Any CPU
		{17BA72A9-2373-4363-9D3E-113E8A56B3E7}.Release|Any CPU.ActiveCfg = Release|Any CPU
		{17BA72A9-2373-4363-9D3E-113E8A56B3E7}.Release|Any CPU.Build.0 = Release|Any CPU
	EndGlobalSection
	GlobalSection(SolutionProperties) = preSolution
		HideSolutionNode = FALSE
	EndGlobalSection
	GlobalSection(ExtensibilityGlobals) = postSolution
		SolutionGuid = {2D801A92-87C3-4DEB-8098-6CA79598BEF3}
	EndGlobalSection
EndGlobal
